
Microsoft Visual Studio Solution File, Format Version 12.00
# Visual Studio Version 17
VisualStudioVersion = 17.5.33424.131
MinimumVisualStudioVersion = 10.0.40219.1
Project("{FAE04EC0-301F-11D3-BF4B-00C04F79EFBC}") = "AbstractFactoryDesingPattern", "AbstractFactoryDesingPattern.csproj", "{F66D0F2E-A25D-43D6-9F56-ECDAF5969BF7}"
EndProject
Global
	GlobalSection(SolutionConfigurationPlatforms) = preSolution
		Debug|Any CPU = Debug|Any CPU
		Release|Any CPU = Release|Any CPU
	EndGlobalSection
	GlobalSection(ProjectConfigurationPlatforms) = postSolution
		{F66D0F2E-A25D-43D6-9F56-ECDAF5969BF7}.Debug|Any CPU.ActiveCfg = Debug|Any CPU
		{F66D0F2E-A25D-43D6-9F56-ECDAF5969BF7}.Debug|Any CPU.Build.0 = Debug|Any CPU
		{F66D0F2E-A25D-43D6-9F56-ECDAF5969BF7}.Release|Any CPU.ActiveCfg = Release|Any CPU
		{F66D0F2E-A25D-43D6-9F56-ECDAF5969BF7}.Release|Any CPU.Build.0 = Release|Any CPU
	EndGlobalSection
	GlobalSection(SolutionProperties) = preSolution
		HideSolutionNode = FALSE
	EndGlobalSection
	GlobalSection(ExtensibilityGlobals) = postSolution
		SolutionGuid = {B3798DD4-C02E-475C-A841-4F4EE0914AF2}
	EndGlobalSection
EndGlobal
